
Microsoft Visual Studio Solution File, Format Version 12.00
# Visual Studio Version 17
VisualStudioVersion = 17.3.32505.426
MinimumVisualStudioVersion = 10.0.40219.1
Project("{FAE04EC0-301F-11D3-BF4B-00C04F79EFBC}") = "PoisedSNK", "PoisedSNK\PoisedSNK.csproj", "{5ED862C2-6049-4690-B079-F215B3ADEC6A}"
EndProject
Global
	GlobalSection(SolutionConfigurationPlatforms) = preSolution
		Debug|Any CPU = Debug|Any CPU
		Release|Any CPU = Release|Any CPU
	EndGlobalSection
	GlobalSection(ProjectConfigurationPlatforms) = postSolution
		{5ED862C2-6049-4690-B079-F215B3ADEC6A}.Debug|Any CPU.ActiveCfg = Debug|Any CPU
		{5ED862C2-6049-4690-B079-F215B3ADEC6A}.Debug|Any CPU.Build.0 = Debug|Any CPU
		{5ED862C2-6049-4690-B079-F215B3ADEC6A}.Release|Any CPU.ActiveCfg = Release|Any CPU
		{5ED862C2-6049-4690-B079-F215B3ADEC6A}.Release|Any CPU.Build.0 = Release|Any CPU
	EndGlobalSection
	GlobalSection(SolutionProperties) = preSolution
		HideSolutionNode = FALSE
	EndGlobalSection
	GlobalSection(ExtensibilityGlobals) = postSolution
		SolutionGuid = {5485A925-F180-46B7-9307-8A30B6CF6F94}
	EndGlobalSection
EndGlobal
