
Microsoft Visual Studio Solution File, Format Version 12.00
# Visual Studio Version 17
VisualStudioVersion = 17.0.31717.71
MinimumVisualStudioVersion = 10.0.40219.1
Project("{9A19103F-16F7-4668-BE54-9A1E7A4F7556}") = "PoisedSNK", "PoisedSNK.csproj", "{9143BA10-EF00-4A0C-9845-5EB168743150}"
EndProject
Global
	GlobalSection(SolutionConfigurationPlatforms) = preSolution
		Debug|Any CPU = Debug|Any CPU
		Release|Any CPU = Release|Any CPU
	EndGlobalSection
	GlobalSection(ProjectConfigurationPlatforms) = postSolution
		{9143BA10-EF00-4A0C-9845-5EB168743150}.Debug|Any CPU.ActiveCfg = Debug|Any CPU
		{9143BA10-EF00-4A0C-9845-5EB168743150}.Debug|Any CPU.Build.0 = Debug|Any CPU
		{9143BA10-EF00-4A0C-9845-5EB168743150}.Release|Any CPU.ActiveCfg = Release|Any CPU
		{9143BA10-EF00-4A0C-9845-5EB168743150}.Release|Any CPU.Build.0 = Release|Any CPU
	EndGlobalSection
	GlobalSection(SolutionProperties) = preSolution
		HideSolutionNode = FALSE
	EndGlobalSection
	GlobalSection(ExtensibilityGlobals) = postSolution
		SolutionGuid = {3FFABB58-1CC8-4D99-95CC-4F0B89EAE8EC}
	EndGlobalSection
EndGlobal